// !$*UTF8*$!
{
	archiveVersion = 1;
	classes = {
	};
	objectVersion = 46;
	objects = {

/* Begin PBXBuildFile section */
		5799584D1400F016E6961C81 /* libPods-destinyTests.a in Frameworks */ = {isa = PBXBuildFile; fileRef = B7251486916AF4040FFA8551 /* libPods-destinyTests.a */; };
		CB3AA8CEA93214CA08F46E54 /* libPods.a in Frameworks */ = {isa = PBXBuildFile; fileRef = 99E654591003C3058330191F /* libPods.a */; };
		D9D9435C890B2B5C56D897AF /* libPods-destiny.a in Frameworks */ = {isa = PBXBuildFile; fileRef = FBDF6EECAEF62676A06C9A9F /* libPods-destiny.a */; };
		EE8C36B81AAFFA3500AAE8D1 /* AppDelegate.swift in Sources */ = {isa = PBXBuildFile; fileRef = EE8C36B71AAFFA3500AAE8D1 /* AppDelegate.swift */; };
		EE8C36BA1AAFFA3500AAE8D1 /* RootViewController.swift in Sources */ = {isa = PBXBuildFile; fileRef = EE8C36B91AAFFA3500AAE8D1 /* RootViewController.swift */; };
		EE8C36BC1AAFFA3500AAE8D1 /* DataViewController.swift in Sources */ = {isa = PBXBuildFile; fileRef = EE8C36BB1AAFFA3500AAE8D1 /* DataViewController.swift */; };
		EE8C36BE1AAFFA3500AAE8D1 /* ModelController.swift in Sources */ = {isa = PBXBuildFile; fileRef = EE8C36BD1AAFFA3500AAE8D1 /* ModelController.swift */; };
		EE8C36C11AAFFA3500AAE8D1 /* Main.storyboard in Resources */ = {isa = PBXBuildFile; fileRef = EE8C36BF1AAFFA3500AAE8D1 /* Main.storyboard */; };
		EE8C36C31AAFFA3500AAE8D1 /* Images.xcassets in Resources */ = {isa = PBXBuildFile; fileRef = EE8C36C21AAFFA3500AAE8D1 /* Images.xcassets */; };
		EE8C36C61AAFFA3500AAE8D1 /* LaunchScreen.xib in Resources */ = {isa = PBXBuildFile; fileRef = EE8C36C41AAFFA3500AAE8D1 /* LaunchScreen.xib */; };
		EE8C36D21AAFFA3500AAE8D1 /* destinyTests.swift in Sources */ = {isa = PBXBuildFile; fileRef = EE8C36D11AAFFA3500AAE8D1 /* destinyTests.swift */; };
		EEC6F4BB1AB384F200E70DE2 /* Duration.swift in Sources */ = {isa = PBXBuildFile; fileRef = EEC6F4B71AB384F200E70DE2 /* Duration.swift */; };
		EEC6F4BC1AB384F200E70DE2 /* Int+Timepiece.swift in Sources */ = {isa = PBXBuildFile; fileRef = EEC6F4B81AB384F200E70DE2 /* Int+Timepiece.swift */; };
		EEC6F4BD1AB384F200E70DE2 /* NSDate+Timepiece.swift in Sources */ = {isa = PBXBuildFile; fileRef = EEC6F4B91AB384F200E70DE2 /* NSDate+Timepiece.swift */; };
		EEC6F4BE1AB384F200E70DE2 /* String+Timepiece.swift in Sources */ = {isa = PBXBuildFile; fileRef = EEC6F4BA1AB384F200E70DE2 /* String+Timepiece.swift */; };
		EEE6274F1AB2A14200F4754C /* Temp.m in Sources */ = {isa = PBXBuildFile; fileRef = EEE6274E1AB2A14200F4754C /* Temp.m */; };
/* End PBXBuildFile section */

/* Begin PBXContainerItemProxy section */
		EE8C36CC1AAFFA3500AAE8D1 /* PBXContainerItemProxy */ = {
			isa = PBXContainerItemProxy;
			containerPortal = EE8C36AA1AAFFA3500AAE8D1 /* Project object */;
			proxyType = 1;
			remoteGlobalIDString = EE8C36B11AAFFA3500AAE8D1;
			remoteInfo = destiny;
		};
/* End PBXContainerItemProxy section */

/* Begin PBXFileReference section */
		58EEEB2793C2EC236E0A69AF /* Pods-destinyTests.release.xcconfig */ = {isa = PBXFileReference; includeInIndex = 1; lastKnownFileType = text.xcconfig; name = "Pods-destinyTests.release.xcconfig"; path = "Pods/Target Support Files/Pods-destinyTests/Pods-destinyTests.release.xcconfig"; sourceTree = "<group>"; };
		99E654591003C3058330191F /* libPods.a */ = {isa = PBXFileReference; explicitFileType = archive.ar; includeInIndex = 0; path = libPods.a; sourceTree = BUILT_PRODUCTS_DIR; };
		AE8FE569FC17DABB7B1C7E08 /* Pods-destiny.release.xcconfig */ = {isa = PBXFileReference; includeInIndex = 1; lastKnownFileType = text.xcconfig; name = "Pods-destiny.release.xcconfig"; path = "Pods/Target Support Files/Pods-destiny/Pods-destiny.release.xcconfig"; sourceTree = "<group>"; };
		B7251486916AF4040FFA8551 /* libPods-destinyTests.a */ = {isa = PBXFileReference; explicitFileType = archive.ar; includeInIndex = 0; path = "libPods-destinyTests.a"; sourceTree = BUILT_PRODUCTS_DIR; };
		D602B71359D70B99066425EA /* Pods-destiny.debug.xcconfig */ = {isa = PBXFileReference; includeInIndex = 1; lastKnownFileType = text.xcconfig; name = "Pods-destiny.debug.xcconfig"; path = "Pods/Target Support Files/Pods-destiny/Pods-destiny.debug.xcconfig"; sourceTree = "<group>"; };
		D8213DD6A00DA206A0452569 /* Pods-destinyTests.debug.xcconfig */ = {isa = PBXFileReference; includeInIndex = 1; lastKnownFileType = text.xcconfig; name = "Pods-destinyTests.debug.xcconfig"; path = "Pods/Target Support Files/Pods-destinyTests/Pods-destinyTests.debug.xcconfig"; sourceTree = "<group>"; };
		EE8C36B21AAFFA3500AAE8D1 /* destiny.app */ = {isa = PBXFileReference; explicitFileType = wrapper.application; includeInIndex = 0; path = destiny.app; sourceTree = BUILT_PRODUCTS_DIR; };
		EE8C36B61AAFFA3500AAE8D1 /* Info.plist */ = {isa = PBXFileReference; lastKnownFileType = text.plist.xml; path = Info.plist; sourceTree = "<group>"; };
		EE8C36B71AAFFA3500AAE8D1 /* AppDelegate.swift */ = {isa = PBXFileReference; lastKnownFileType = sourcecode.swift; path = AppDelegate.swift; sourceTree = "<group>"; };
		EE8C36B91AAFFA3500AAE8D1 /* RootViewController.swift */ = {isa = PBXFileReference; lastKnownFileType = sourcecode.swift; path = RootViewController.swift; sourceTree = "<group>"; };
		EE8C36BB1AAFFA3500AAE8D1 /* DataViewController.swift */ = {isa = PBXFileReference; lastKnownFileType = sourcecode.swift; path = DataViewController.swift; sourceTree = "<group>"; };
		EE8C36BD1AAFFA3500AAE8D1 /* ModelController.swift */ = {isa = PBXFileReference; lastKnownFileType = sourcecode.swift; path = ModelController.swift; sourceTree = "<group>"; };
		EE8C36C01AAFFA3500AAE8D1 /* Base */ = {isa = PBXFileReference; lastKnownFileType = file.storyboard; name = Base; path = Base.lproj/Main.storyboard; sourceTree = "<group>"; };
		EE8C36C21AAFFA3500AAE8D1 /* Images.xcassets */ = {isa = PBXFileReference; lastKnownFileType = folder.assetcatalog; path = Images.xcassets; sourceTree = "<group>"; };
		EE8C36C51AAFFA3500AAE8D1 /* Base */ = {isa = PBXFileReference; lastKnownFileType = file.xib; name = Base; path = Base.lproj/LaunchScreen.xib; sourceTree = "<group>"; };
		EE8C36CB1AAFFA3500AAE8D1 /* destinyTests.xctest */ = {isa = PBXFileReference; explicitFileType = wrapper.cfbundle; includeInIndex = 0; path = destinyTests.xctest; sourceTree = BUILT_PRODUCTS_DIR; };
		EE8C36D01AAFFA3500AAE8D1 /* Info.plist */ = {isa = PBXFileReference; lastKnownFileType = text.plist.xml; path = Info.plist; sourceTree = "<group>"; };
		EE8C36D11AAFFA3500AAE8D1 /* destinyTests.swift */ = {isa = PBXFileReference; lastKnownFileType = sourcecode.swift; path = destinyTests.swift; sourceTree = "<group>"; };
		EEC6F4B71AB384F200E70DE2 /* Duration.swift */ = {isa = PBXFileReference; fileEncoding = 4; lastKnownFileType = sourcecode.swift; path = Duration.swift; sourceTree = "<group>"; };
		EEC6F4B81AB384F200E70DE2 /* Int+Timepiece.swift */ = {isa = PBXFileReference; fileEncoding = 4; lastKnownFileType = sourcecode.swift; path = "Int+Timepiece.swift"; sourceTree = "<group>"; };
		EEC6F4B91AB384F200E70DE2 /* NSDate+Timepiece.swift */ = {isa = PBXFileReference; fileEncoding = 4; lastKnownFileType = sourcecode.swift; path = "NSDate+Timepiece.swift"; sourceTree = "<group>"; };
		EEC6F4BA1AB384F200E70DE2 /* String+Timepiece.swift */ = {isa = PBXFileReference; fileEncoding = 4; lastKnownFileType = sourcecode.swift; path = "String+Timepiece.swift"; sourceTree = "<group>"; };
		EEE6274D1AB2A14200F4754C /* destiny-Bridging-Header.h */ = {isa = PBXFileReference; lastKnownFileType = sourcecode.c.h; path = "destiny-Bridging-Header.h"; sourceTree = "<group>"; };
		EEE6274E1AB2A14200F4754C /* Temp.m */ = {isa = PBXFileReference; fileEncoding = 4; lastKnownFileType = sourcecode.c.objc; path = Temp.m; sourceTree = "<group>"; };
		FBDF6EECAEF62676A06C9A9F /* libPods-destiny.a */ = {isa = PBXFileReference; explicitFileType = archive.ar; includeInIndex = 0; path = "libPods-destiny.a"; sourceTree = BUILT_PRODUCTS_DIR; };
/* End PBXFileReference section */

/* Begin PBXFrameworksBuildPhase section */
		EE8C36AF1AAFFA3500AAE8D1 /* Frameworks */ = {
			isa = PBXFrameworksBuildPhase;
			buildActionMask = 2147483647;
			files = (
				D9D9435C890B2B5C56D897AF /* libPods-destiny.a in Frameworks */,
				CB3AA8CEA93214CA08F46E54 /* libPods.a in Frameworks */,
			);
			runOnlyForDeploymentPostprocessing = 0;
		};
		EE8C36C81AAFFA3500AAE8D1 /* Frameworks */ = {
			isa = PBXFrameworksBuildPhase;
			buildActionMask = 2147483647;
			files = (
				5799584D1400F016E6961C81 /* libPods-destinyTests.a in Frameworks */,
			);
			runOnlyForDeploymentPostprocessing = 0;
		};
/* End PBXFrameworksBuildPhase section */

/* Begin PBXGroup section */
		B1B6CC35F82DA4CAC6621FD2 /* Frameworks */ = {
			isa = PBXGroup;
			children = (
				B7251486916AF4040FFA8551 /* libPods-destinyTests.a */,
				FBDF6EECAEF62676A06C9A9F /* libPods-destiny.a */,
				99E654591003C3058330191F /* libPods.a */,
			);
			name = Frameworks;
			sourceTree = "<group>";
		};
		E015EE3D723A87201881669B /* Pods */ = {
			isa = PBXGroup;
			children = (
				D8213DD6A00DA206A0452569 /* Pods-destinyTests.debug.xcconfig */,
				58EEEB2793C2EC236E0A69AF /* Pods-destinyTests.release.xcconfig */,
				D602B71359D70B99066425EA /* Pods-destiny.debug.xcconfig */,
				AE8FE569FC17DABB7B1C7E08 /* Pods-destiny.release.xcconfig */,
			);
			name = Pods;
			sourceTree = "<group>";
		};
		EE8C36A91AAFFA3500AAE8D1 = {
			isa = PBXGroup;
			children = (
				EE8C36B41AAFFA3500AAE8D1 /* destiny */,
				EE8C36CE1AAFFA3500AAE8D1 /* destinyTests */,
				EE8C36B31AAFFA3500AAE8D1 /* Products */,
				E015EE3D723A87201881669B /* Pods */,
				B1B6CC35F82DA4CAC6621FD2 /* Frameworks */,
			);
			sourceTree = "<group>";
		};
		EE8C36B31AAFFA3500AAE8D1 /* Products */ = {
			isa = PBXGroup;
			children = (
				EE8C36B21AAFFA3500AAE8D1 /* destiny.app */,
				EE8C36CB1AAFFA3500AAE8D1 /* destinyTests.xctest */,
			);
			name = Products;
			sourceTree = "<group>";
		};
		EE8C36B41AAFFA3500AAE8D1 /* destiny */ = {
			isa = PBXGroup;
			children = (
				EEC6F4B71AB384F200E70DE2 /* Duration.swift */,
				EEC6F4B81AB384F200E70DE2 /* Int+Timepiece.swift */,
				EEC6F4B91AB384F200E70DE2 /* NSDate+Timepiece.swift */,
				EEC6F4BA1AB384F200E70DE2 /* String+Timepiece.swift */,
				EE8C36B71AAFFA3500AAE8D1 /* AppDelegate.swift */,
				EEE6274E1AB2A14200F4754C /* Temp.m */,
				EE8C36B91AAFFA3500AAE8D1 /* RootViewController.swift */,
				EE8C36BB1AAFFA3500AAE8D1 /* DataViewController.swift */,
				EE8C36BD1AAFFA3500AAE8D1 /* ModelController.swift */,
				EE8C36BF1AAFFA3500AAE8D1 /* Main.storyboard */,
				EE8C36C21AAFFA3500AAE8D1 /* Images.xcassets */,
				EE8C36C41AAFFA3500AAE8D1 /* LaunchScreen.xib */,
				EE8C36B51AAFFA3500AAE8D1 /* Supporting Files */,
				EEE6274D1AB2A14200F4754C /* destiny-Bridging-Header.h */,
			);
			path = destiny;
			sourceTree = "<group>";
		};
		EE8C36B51AAFFA3500AAE8D1 /* Supporting Files */ = {
			isa = PBXGroup;
			children = (
				EE8C36B61AAFFA3500AAE8D1 /* Info.plist */,
			);
			name = "Supporting Files";
			sourceTree = "<group>";
		};
		EE8C36CE1AAFFA3500AAE8D1 /* destinyTests */ = {
			isa = PBXGroup;
			children = (
				EE8C36D11AAFFA3500AAE8D1 /* destinyTests.swift */,
				EE8C36CF1AAFFA3500AAE8D1 /* Supporting Files */,
			);
			path = destinyTests;
			sourceTree = "<group>";
		};
		EE8C36CF1AAFFA3500AAE8D1 /* Supporting Files */ = {
			isa = PBXGroup;
			children = (
				EE8C36D01AAFFA3500AAE8D1 /* Info.plist */,
			);
			name = "Supporting Files";
			sourceTree = "<group>";
		};
/* End PBXGroup section */

/* Begin PBXNativeTarget section */
		EE8C36B11AAFFA3500AAE8D1 /* destiny */ = {
			isa = PBXNativeTarget;
			buildConfigurationList = EE8C36D51AAFFA3500AAE8D1 /* Build configuration list for PBXNativeTarget "destiny" */;
			buildPhases = (
				081ABF1C7F9A7A93CF8F87A8 /* Check Pods Manifest.lock */,
				EE8C36AE1AAFFA3500AAE8D1 /* Sources */,
				EE8C36AF1AAFFA3500AAE8D1 /* Frameworks */,
				EE8C36B01AAFFA3500AAE8D1 /* Resources */,
				F043D03B1C7D32EB72E87CB9 /* Copy Pods Resources */,
			);
			buildRules = (
			);
			dependencies = (
			);
			name = destiny;
			productName = destiny;
			productReference = EE8C36B21AAFFA3500AAE8D1 /* destiny.app */;
			productType = "com.apple.product-type.application";
		};
		EE8C36CA1AAFFA3500AAE8D1 /* destinyTests */ = {
			isa = PBXNativeTarget;
			buildConfigurationList = EE8C36D81AAFFA3500AAE8D1 /* Build configuration list for PBXNativeTarget "destinyTests" */;
			buildPhases = (
				14D13DC89E2C39B288AE7013 /* Check Pods Manifest.lock */,
				EE8C36C71AAFFA3500AAE8D1 /* Sources */,
				EE8C36C81AAFFA3500AAE8D1 /* Frameworks */,
				EE8C36C91AAFFA3500AAE8D1 /* Resources */,
				A5AC30C74DEDFE0AD747D7E6 /* Copy Pods Resources */,
			);
			buildRules = (
			);
			dependencies = (
				EE8C36CD1AAFFA3500AAE8D1 /* PBXTargetDependency */,
			);
			name = destinyTests;
			productName = destinyTests;
			productReference = EE8C36CB1AAFFA3500AAE8D1 /* destinyTests.xctest */;
			productType = "com.apple.product-type.bundle.unit-test";
		};
/* End PBXNativeTarget section */

/* Begin PBXProject section */
		EE8C36AA1AAFFA3500AAE8D1 /* Project object */ = {
			isa = PBXProject;
			attributes = {
				LastUpgradeCheck = 0610;
				ORGANIZATIONNAME = becker;
				TargetAttributes = {
					EE8C36B11AAFFA3500AAE8D1 = {
						CreatedOnToolsVersion = 6.1.1;
						DevelopmentTeam = H5SV559498;
					};
					EE8C36CA1AAFFA3500AAE8D1 = {
						CreatedOnToolsVersion = 6.1.1;
						TestTargetID = EE8C36B11AAFFA3500AAE8D1;
					};
				};
			};
			buildConfigurationList = EE8C36AD1AAFFA3500AAE8D1 /* Build configuration list for PBXProject "destiny" */;
			compatibilityVersion = "Xcode 3.2";
			developmentRegion = English;
			hasScannedForEncodings = 0;
			knownRegions = (
				en,
				Base,
			);
			mainGroup = EE8C36A91AAFFA3500AAE8D1;
			productRefGroup = EE8C36B31AAFFA3500AAE8D1 /* Products */;
			projectDirPath = "";
			projectRoot = "";
			targets = (
				EE8C36B11AAFFA3500AAE8D1 /* destiny */,
				EE8C36CA1AAFFA3500AAE8D1 /* destinyTests */,
			);
		};
/* End PBXProject section */

/* Begin PBXResourcesBuildPhase section */
		EE8C36B01AAFFA3500AAE8D1 /* Resources */ = {
			isa = PBXResourcesBuildPhase;
			buildActionMask = 2147483647;
			files = (
				EE8C36C11AAFFA3500AAE8D1 /* Main.storyboard in Resources */,
				EE8C36C61AAFFA3500AAE8D1 /* LaunchScreen.xib in Resources */,
				EE8C36C31AAFFA3500AAE8D1 /* Images.xcassets in Resources */,
			);
			runOnlyForDeploymentPostprocessing = 0;
		};
		EE8C36C91AAFFA3500AAE8D1 /* Resources */ = {
			isa = PBXResourcesBuildPhase;
			buildActionMask = 2147483647;
			files = (
			);
			runOnlyForDeploymentPostprocessing = 0;
		};
/* End PBXResourcesBuildPhase section */

/* Begin PBXShellScriptBuildPhase section */
		081ABF1C7F9A7A93CF8F87A8 /* Check Pods Manifest.lock */ = {
			isa = PBXShellScriptBuildPhase;
			buildActionMask = 2147483647;
			files = (
			);
			inputPaths = (
			);
			name = "Check Pods Manifest.lock";
			outputPaths = (
			);
			runOnlyForDeploymentPostprocessing = 0;
			shellPath = /bin/sh;
			shellScript = "diff \"${PODS_ROOT}/../Podfile.lock\" \"${PODS_ROOT}/Manifest.lock\" > /dev/null\nif [[ $? != 0 ]] ; then\n    cat << EOM\nerror: The sandbox is not in sync with the Podfile.lock. Run 'pod install' or update your CocoaPods installation.\nEOM\n    exit 1\nfi\n";
			showEnvVarsInLog = 0;
		};
		14D13DC89E2C39B288AE7013 /* Check Pods Manifest.lock */ = {
			isa = PBXShellScriptBuildPhase;
			buildActionMask = 2147483647;
			files = (
			);
			inputPaths = (
			);
			name = "Check Pods Manifest.lock";
			outputPaths = (
			);
			runOnlyForDeploymentPostprocessing = 0;
			shellPath = /bin/sh;
			shellScript = "diff \"${PODS_ROOT}/../Podfile.lock\" \"${PODS_ROOT}/Manifest.lock\" > /dev/null\nif [[ $? != 0 ]] ; then\n    cat << EOM\nerror: The sandbox is not in sync with the Podfile.lock. Run 'pod install' or update your CocoaPods installation.\nEOM\n    exit 1\nfi\n";
			showEnvVarsInLog = 0;
		};
		A5AC30C74DEDFE0AD747D7E6 /* Copy Pods Resources */ = {
			isa = PBXShellScriptBuildPhase;
			buildActionMask = 2147483647;
			files = (
			);
			inputPaths = (
			);
			name = "Copy Pods Resources";
			outputPaths = (
			);
			runOnlyForDeploymentPostprocessing = 0;
			shellPath = /bin/sh;
			shellScript = "\"${SRCROOT}/Pods/Target Support Files/Pods-destinyTests/Pods-destinyTests-resources.sh\"\n";
			showEnvVarsInLog = 0;
		};
		F043D03B1C7D32EB72E87CB9 /* Copy Pods Resources */ = {
			isa = PBXShellScriptBuildPhase;
			buildActionMask = 2147483647;
			files = (
			);
			inputPaths = (
			);
			name = "Copy Pods Resources";
			outputPaths = (
			);
			runOnlyForDeploymentPostprocessing = 0;
			shellPath = /bin/sh;
			shellScript = "\"${SRCROOT}/Pods/Target Support Files/Pods/Pods-resources.sh\"\n";
			showEnvVarsInLog = 0;
		};
/* End PBXShellScriptBuildPhase section */

/* Begin PBXSourcesBuildPhase section */
		EE8C36AE1AAFFA3500AAE8D1 /* Sources */ = {
			isa = PBXSourcesBuildPhase;
			buildActionMask = 2147483647;
			files = (
				EEC6F4BE1AB384F200E70DE2 /* String+Timepiece.swift in Sources */,
				EEC6F4BD1AB384F200E70DE2 /* NSDate+Timepiece.swift in Sources */,
				EEC6F4BC1AB384F200E70DE2 /* Int+Timepiece.swift in Sources */,
				EEE6274F1AB2A14200F4754C /* Temp.m in Sources */,
				EE8C36BA1AAFFA3500AAE8D1 /* RootViewController.swift in Sources */,
				EE8C36BE1AAFFA3500AAE8D1 /* ModelController.swift in Sources */,
				EEC6F4BB1AB384F200E70DE2 /* Duration.swift in Sources */,
				EE8C36BC1AAFFA3500AAE8D1 /* DataViewController.swift in Sources */,
				EE8C36B81AAFFA3500AAE8D1 /* AppDelegate.swift in Sources */,
			);
			runOnlyForDeploymentPostprocessing = 0;
		};
		EE8C36C71AAFFA3500AAE8D1 /* Sources */ = {
			isa = PBXSourcesBuildPhase;
			buildActionMask = 2147483647;
			files = (
				EE8C36D21AAFFA3500AAE8D1 /* destinyTests.swift in Sources */,
			);
			runOnlyForDeploymentPostprocessing = 0;
		};
/* End PBXSourcesBuildPhase section */

/* Begin PBXTargetDependency section */
		EE8C36CD1AAFFA3500AAE8D1 /* PBXTargetDependency */ = {
			isa = PBXTargetDependency;
			target = EE8C36B11AAFFA3500AAE8D1 /* destiny */;
			targetProxy = EE8C36CC1AAFFA3500AAE8D1 /* PBXContainerItemProxy */;
		};
/* End PBXTargetDependency section */

/* Begin PBXVariantGroup section */
		EE8C36BF1AAFFA3500AAE8D1 /* Main.storyboard */ = {
			isa = PBXVariantGroup;
			children = (
				EE8C36C01AAFFA3500AAE8D1 /* Base */,
			);
			name = Main.storyboard;
			sourceTree = "<group>";
		};
		EE8C36C41AAFFA3500AAE8D1 /* LaunchScreen.xib */ = {
			isa = PBXVariantGroup;
			children = (
				EE8C36C51AAFFA3500AAE8D1 /* Base */,
			);
			name = LaunchScreen.xib;
			sourceTree = "<group>";
		};
/* End PBXVariantGroup section */

/* Begin XCBuildConfiguration section */
		EE8C36D31AAFFA3500AAE8D1 /* Debug */ = {
			isa = XCBuildConfiguration;
			buildSettings = {
				ALWAYS_SEARCH_USER_PATHS = NO;
				CLANG_CXX_LANGUAGE_STANDARD = "gnu++0x";
				CLANG_CXX_LIBRARY = "libc++";
				CLANG_ENABLE_MODULES = YES;
				CLANG_ENABLE_OBJC_ARC = YES;
				CLANG_WARN_BOOL_CONVERSION = YES;
				CLANG_WARN_CONSTANT_CONVERSION = YES;
				CLANG_WARN_DIRECT_OBJC_ISA_USAGE = YES_ERROR;
				CLANG_WARN_EMPTY_BODY = YES;
				CLANG_WARN_ENUM_CONVERSION = YES;
				CLANG_WARN_INT_CONVERSION = YES;
				CLANG_WARN_OBJC_ROOT_CLASS = YES_ERROR;
				CLANG_WARN_UNREACHABLE_CODE = YES;
				CLANG_WARN__DUPLICATE_METHOD_MATCH = YES;
				"CODE_SIGN_IDENTITY[sdk=iphoneos*]" = "iPhone Developer";
				COPY_PHASE_STRIP = NO;
				ENABLE_STRICT_OBJC_MSGSEND = YES;
				GCC_C_LANGUAGE_STANDARD = gnu99;
				GCC_DYNAMIC_NO_PIC = NO;
				GCC_OPTIMIZATION_LEVEL = 0;
				GCC_PREPROCESSOR_DEFINITIONS = (
					"DEBUG=1",
					"$(inherited)",
				);
				GCC_SYMBOLS_PRIVATE_EXTERN = NO;
				GCC_WARN_64_TO_32_BIT_CONVERSION = YES;
				GCC_WARN_ABOUT_RETURN_TYPE = YES_ERROR;
				GCC_WARN_UNDECLARED_SELECTOR = YES;
				GCC_WARN_UNINITIALIZED_AUTOS = YES_AGGRESSIVE;
				GCC_WARN_UNUSED_FUNCTION = YES;
				GCC_WARN_UNUSED_VARIABLE = YES;
				IPHONEOS_DEPLOYMENT_TARGET = 8.1;
				MTL_ENABLE_DEBUG_INFO = YES;
				ONLY_ACTIVE_ARCH = YES;
				SDKROOT = iphoneos;
				SWIFT_OPTIMIZATION_LEVEL = "-Onone";
				TARGETED_DEVICE_FAMILY = "1,2";
			};
			name = Debug;
		};
		EE8C36D41AAFFA3500AAE8D1 /* Release */ = {
			isa = XCBuildConfiguration;
			buildSettings = {
				ALWAYS_SEARCH_USER_PATHS = NO;
				CLANG_CXX_LANGUAGE_STANDARD = "gnu++0x";
				CLANG_CXX_LIBRARY = "libc++";
				CLANG_ENABLE_MODULES = YES;
				CLANG_ENABLE_OBJC_ARC = YES;
				CLANG_WARN_BOOL_CONVERSION = YES;
				CLANG_WARN_CONSTANT_CONVERSION = YES;
				CLANG_WARN_DIRECT_OBJC_ISA_USAGE = YES_ERROR;
				CLANG_WARN_EMPTY_BODY = YES;
				CLANG_WARN_ENUM_CONVERSION = YES;
				CLANG_WARN_INT_CONVERSION = YES;
				CLANG_WARN_OBJC_ROOT_CLASS = YES_ERROR;
				CLANG_WARN_UNREACHABLE_CODE = YES;
				CLANG_WARN__DUPLICATE_METHOD_MATCH = YES;
				"CODE_SIGN_IDENTITY[sdk=iphoneos*]" = "iPhone Developer";
				COPY_PHASE_STRIP = YES;
				ENABLE_NS_ASSERTIONS = NO;
				ENABLE_STRICT_OBJC_MSGSEND = YES;
				GCC_C_LANGUAGE_STANDARD = gnu99;
				GCC_WARN_64_TO_32_BIT_CONVERSION = YES;
				GCC_WARN_ABOUT_RETURN_TYPE = YES_ERROR;
				GCC_WARN_UNDECLARED_SELECTOR = YES;
				GCC_WARN_UNINITIALIZED_AUTOS = YES_AGGRESSIVE;
				GCC_WARN_UNUSED_FUNCTION = YES;
				GCC_WARN_UNUSED_VARIABLE = YES;
				IPHONEOS_DEPLOYMENT_TARGET = 8.1;
				MTL_ENABLE_DEBUG_INFO = NO;
				SDKROOT = iphoneos;
				TARGETED_DEVICE_FAMILY = "1,2";
				VALIDATE_PRODUCT = YES;
			};
			name = Release;
		};
		EE8C36D61AAFFA3500AAE8D1 /* Debug */ = {
			isa = XCBuildConfiguration;
			baseConfigurationReference = D602B71359D70B99066425EA /* Pods-destiny.debug.xcconfig */;
			buildSettings = {
				ASSETCATALOG_COMPILER_APPICON_NAME = AppIcon;
				CLANG_ENABLE_MODULES = YES;
				CODE_SIGN_IDENTITY = "iPhone Developer";
				EMBEDDED_CONTENT_CONTAINS_SWIFT = YES;
				INFOPLIST_FILE = destiny/Info.plist;
				LD_RUNPATH_SEARCH_PATHS = "$(inherited) @executable_path/Frameworks";
				PRODUCT_NAME = "$(TARGET_NAME)";
				SWIFT_OBJC_BRIDGING_HEADER = "destiny/destiny-Bridging-Header.h";
				SWIFT_OPTIMIZATION_LEVEL = "-Onone";
			};
			name = Debug;
		};
		EE8C36D71AAFFA3500AAE8D1 /* Release */ = {
			isa = XCBuildConfiguration;
			baseConfigurationReference = AE8FE569FC17DABB7B1C7E08 /* Pods-destiny.release.xcconfig */;
			buildSettings = {
				ASSETCATALOG_COMPILER_APPICON_NAME = AppIcon;
				CLANG_ENABLE_MODULES = YES;
				CODE_SIGN_IDENTITY = "iPhone Developer";
				EMBEDDED_CONTENT_CONTAINS_SWIFT = YES;
				INFOPLIST_FILE = destiny/Info.plist;
				LD_RUNPATH_SEARCH_PATHS = "$(inherited) @executable_path/Frameworks";
				PRODUCT_NAME = "$(TARGET_NAME)";
				SWIFT_OBJC_BRIDGING_HEADER = "destiny/destiny-Bridging-Header.h";
			};
			name = Release;
		};
		EE8C36D91AAFFA3500AAE8D1 /* Debug */ = {
			isa = XCBuildConfiguration;
			baseConfigurationReference = D8213DD6A00DA206A0452569 /* Pods-destinyTests.debug.xcconfig */;
			buildSettings = {
				BUNDLE_LOADER = "$(TEST_HOST)";
				FRAMEWORK_SEARCH_PATHS = (
					"$(SDKROOT)/Developer/Library/Frameworks",
					"$(inherited)",
				);
				GCC_PREPROCESSOR_DEFINITIONS = (
					"DEBUG=1",
					"$(inherited)",
				);
				INFOPLIST_FILE = destinyTests/Info.plist;
				LD_RUNPATH_SEARCH_PATHS = "$(inherited) @executable_path/Frameworks @loader_path/Frameworks";
				PRODUCT_NAME = "$(TARGET_NAME)";
				TEST_HOST = "$(BUILT_PRODUCTS_DIR)/destiny.app/destiny";
			};
			name = Debug;
		};
		EE8C36DA1AAFFA3500AAE8D1 /* Release */ = {
			isa = XCBuildConfiguration;
			baseConfigurationReference = 58EEEB2793C2EC236E0A69AF /* Pods-destinyTests.release.xcconfig */;
			buildSettings = {
				BUNDLE_LOADER = "$(TEST_HOST)";
				FRAMEWORK_SEARCH_PATHS = (
					"$(SDKROOT)/Developer/Library/Frameworks",
					"$(inherited)",
				);
				INFOPLIST_FILE = destinyTests/Info.plist;
				LD_RUNPATH_SEARCH_PATHS = "$(inherited) @executable_path/Frameworks @loader_path/Frameworks";
				PRODUCT_NAME = "$(TARGET_NAME)";
				TEST_HOST = "$(BUILT_PRODUCTS_DIR)/destiny.app/destiny";
			};
			name = Release;
		};
/* End XCBuildConfiguration section */

/* Begin XCConfigurationList section */
		EE8C36AD1AAFFA3500AAE8D1 /* Build configuration list for PBXProject "destiny" */ = {
			isa = XCConfigurationList;
			buildConfigurations = (
				EE8C36D31AAFFA3500AAE8D1 /* Debug */,
				EE8C36D41AAFFA3500AAE8D1 /* Release */,
			);
			defaultConfigurationIsVisible = 0;
			defaultConfigurationName = Release;
		};
		EE8C36D51AAFFA3500AAE8D1 /* Build configuration list for PBXNativeTarget "destiny" */ = {
			isa = XCConfigurationList;
			buildConfigurations = (
				EE8C36D61AAFFA3500AAE8D1 /* Debug */,
				EE8C36D71AAFFA3500AAE8D1 /* Release */,
			);
			defaultConfigurationIsVisible = 0;
			defaultConfigurationName = Release;
		};
		EE8C36D81AAFFA3500AAE8D1 /* Build configuration list for PBXNativeTarget "destinyTests" */ = {
			isa = XCConfigurationList;
			buildConfigurations = (
				EE8C36D91AAFFA3500AAE8D1 /* Debug */,
				EE8C36DA1AAFFA3500AAE8D1 /* Release */,
			);
			defaultConfigurationIsVisible = 0;
			defaultConfigurationName = Release;
		};
/* End XCConfigurationList section */
	};
	rootObject = EE8C36AA1AAFFA3500AAE8D1 /* Project object */;
}
